// !$*UTF8*$!
{
	archiveVersion = 1;
	classes = {
	};
	objectVersion = 48;
	objects = {

/* Begin PBXBuildFile section */
		790928A71FB4F01200ED85F4 /* Address.swift in Sources */ = {isa = PBXBuildFile; fileRef = 790928A61FB4F01200ED85F4 /* Address.swift */; };
		790928B41FB5110B00ED85F4 /* Alamofire.framework in Frameworks */ = {isa = PBXBuildFile; fileRef = 790928B31FB5110B00ED85F4 /* Alamofire.framework */; };
		790928B61FB5110F00ED85F4 /* SwiftyJSON.framework in Frameworks */ = {isa = PBXBuildFile; fileRef = 790928B51FB5110F00ED85F4 /* SwiftyJSON.framework */; };
		790928B91FB5468500ED85F4 /* AlamofireObjectMapper.framework in Frameworks */ = {isa = PBXBuildFile; fileRef = 790928B81FB5468500ED85F4 /* AlamofireObjectMapper.framework */; };
		790CA2171FCDCEDB00D46234 /* Link.swift in Sources */ = {isa = PBXBuildFile; fileRef = 790CA2161FCDCEDB00D46234 /* Link.swift */; };
		790CA2191FCDD39B00D46234 /* LinkType.swift in Sources */ = {isa = PBXBuildFile; fileRef = 790CA2181FCDD39B00D46234 /* LinkType.swift */; };
		790CA21B1FCE035E00D46234 /* NotesViewController.swift in Sources */ = {isa = PBXBuildFile; fileRef = 790CA21A1FCE035E00D46234 /* NotesViewController.swift */; };
		790CA21D1FCE05B300D46234 /* Notes.swift in Sources */ = {isa = PBXBuildFile; fileRef = 790CA21C1FCE05B300D46234 /* Notes.swift */; };
		790CA2201FCF5A6C00D46234 /* CloudKit.framework in Frameworks */ = {isa = PBXBuildFile; fileRef = 790CA21F1FCF5A6C00D46234 /* CloudKit.framework */; };
		793BF9EB1FBCE3510040F3AF /* HistoricPlaces.swift in Sources */ = {isa = PBXBuildFile; fileRef = 793BF9EA1FBCE3510040F3AF /* HistoricPlaces.swift */; };
		793BF9ED1FBCEF250040F3AF /* Constants.swift in Sources */ = {isa = PBXBuildFile; fileRef = 793BF9EC1FBCEF250040F3AF /* Constants.swift */; };
		793BF9EF1FBCFA6C0040F3AF /* Media.swift in Sources */ = {isa = PBXBuildFile; fileRef = 793BF9EE1FBCFA6C0040F3AF /* Media.swift */; };
		7940DB7E1FD072AA00144299 /* CloudDBManager.swift in Sources */ = {isa = PBXBuildFile; fileRef = 7940DB7D1FD072AA00144299 /* CloudDBManager.swift */; };
		7940DB801FD0974600144299 /* PlaceNote.swift in Sources */ = {isa = PBXBuildFile; fileRef = 7940DB7F1FD0974600144299 /* PlaceNote.swift */; };
		7970A8BB1FC6136600404236 /* AddressViewController.swift in Sources */ = {isa = PBXBuildFile; fileRef = 7970A8BA1FC6136600404236 /* AddressViewController.swift */; };
		79AD70561FB27E0E00900274 /* AppDelegate.swift in Sources */ = {isa = PBXBuildFile; fileRef = 79AD70551FB27E0E00900274 /* AppDelegate.swift */; };
		79AD70581FB27E0E00900274 /* MasterViewController.swift in Sources */ = {isa = PBXBuildFile; fileRef = 79AD70571FB27E0E00900274 /* MasterViewController.swift */; };
		79AD705A1FB27E0E00900274 /* DetailViewController.swift in Sources */ = {isa = PBXBuildFile; fileRef = 79AD70591FB27E0E00900274 /* DetailViewController.swift */; };
		79AD705D1FB27E0E00900274 /* Main.storyboard in Resources */ = {isa = PBXBuildFile; fileRef = 79AD705B1FB27E0E00900274 /* Main.storyboard */; };
		79AD705F1FB27E0E00900274 /* Assets.xcassets in Resources */ = {isa = PBXBuildFile; fileRef = 79AD705E1FB27E0E00900274 /* Assets.xcassets */; };
		79AD70621FB27E0E00900274 /* LaunchScreen.storyboard in Resources */ = {isa = PBXBuildFile; fileRef = 79AD70601FB27E0E00900274 /* LaunchScreen.storyboard */; };
		79AD706D1FB27E0F00900274 /* HistoricPlacesTests.swift in Sources */ = {isa = PBXBuildFile; fileRef = 79AD706C1FB27E0F00900274 /* HistoricPlacesTests.swift */; };
		79AD70781FB27E0F00900274 /* HistoricPlacesUITests.swift in Sources */ = {isa = PBXBuildFile; fileRef = 79AD70771FB27E0F00900274 /* HistoricPlacesUITests.swift */; };
		79B62A001FBCB2D700D78E95 /* HistoricPlace.swift in Sources */ = {isa = PBXBuildFile; fileRef = 79B629FF1FBCB2D700D78E95 /* HistoricPlace.swift */; };
		79D3F69A1FBB9D5E00434468 /* ObjectMapper.framework in Frameworks */ = {isa = PBXBuildFile; fileRef = 79D3F6991FBB9D5E00434468 /* ObjectMapper.framework */; };
/* End PBXBuildFile section */

/* Begin PBXContainerItemProxy section */
		79AD70691FB27E0F00900274 /* PBXContainerItemProxy */ = {
			isa = PBXContainerItemProxy;
			containerPortal = 79AD704A1FB27E0E00900274 /* Project object */;
			proxyType = 1;
			remoteGlobalIDString = 79AD70511FB27E0E00900274;
			remoteInfo = HistoricPlaces;
		};
		79AD70741FB27E0F00900274 /* PBXContainerItemProxy */ = {
			isa = PBXContainerItemProxy;
			containerPortal = 79AD704A1FB27E0E00900274 /* Project object */;
			proxyType = 1;
			remoteGlobalIDString = 79AD70511FB27E0E00900274;
			remoteInfo = HistoricPlaces;
		};
/* End PBXContainerItemProxy section */

/* Begin PBXFileReference section */
		790928A61FB4F01200ED85F4 /* Address.swift */ = {isa = PBXFileReference; lastKnownFileType = sourcecode.swift; path = Address.swift; sourceTree = "<group>"; };
		790928B31FB5110B00ED85F4 /* Alamofire.framework */ = {isa = PBXFileReference; lastKnownFileType = wrapper.framework; name = Alamofire.framework; path = Carthage/Build/iOS/Alamofire.framework; sourceTree = "<group>"; };
		790928B51FB5110F00ED85F4 /* SwiftyJSON.framework */ = {isa = PBXFileReference; lastKnownFileType = wrapper.framework; name = SwiftyJSON.framework; path = Carthage/Build/iOS/SwiftyJSON.framework; sourceTree = "<group>"; };
		790928B81FB5468500ED85F4 /* AlamofireObjectMapper.framework */ = {isa = PBXFileReference; lastKnownFileType = wrapper.framework; name = AlamofireObjectMapper.framework; path = Carthage/Build/iOS/AlamofireObjectMapper.framework; sourceTree = "<group>"; };
		790CA2161FCDCEDB00D46234 /* Link.swift */ = {isa = PBXFileReference; lastKnownFileType = sourcecode.swift; path = Link.swift; sourceTree = "<group>"; };
		790CA2181FCDD39B00D46234 /* LinkType.swift */ = {isa = PBXFileReference; lastKnownFileType = sourcecode.swift; path = LinkType.swift; sourceTree = "<group>"; };
		790CA21A1FCE035E00D46234 /* NotesViewController.swift */ = {isa = PBXFileReference; lastKnownFileType = sourcecode.swift; path = NotesViewController.swift; sourceTree = "<group>"; };
		790CA21C1FCE05B300D46234 /* Notes.swift */ = {isa = PBXFileReference; lastKnownFileType = sourcecode.swift; path = Notes.swift; sourceTree = "<group>"; };
		790CA21E1FCF590000D46234 /* HistoricPlaces.entitlements */ = {isa = PBXFileReference; lastKnownFileType = text.plist.entitlements; path = HistoricPlaces.entitlements; sourceTree = "<group>"; };
		790CA21F1FCF5A6C00D46234 /* CloudKit.framework */ = {isa = PBXFileReference; lastKnownFileType = wrapper.framework; name = CloudKit.framework; path = System/Library/Frameworks/CloudKit.framework; sourceTree = SDKROOT; };
		793BF9EA1FBCE3510040F3AF /* HistoricPlaces.swift */ = {isa = PBXFileReference; lastKnownFileType = sourcecode.swift; path = HistoricPlaces.swift; sourceTree = "<group>"; };
		793BF9EC1FBCEF250040F3AF /* Constants.swift */ = {isa = PBXFileReference; lastKnownFileType = sourcecode.swift; path = Constants.swift; sourceTree = "<group>"; };
		793BF9EE1FBCFA6C0040F3AF /* Media.swift */ = {isa = PBXFileReference; lastKnownFileType = sourcecode.swift; path = Media.swift; sourceTree = "<group>"; };
		7940DB7D1FD072AA00144299 /* CloudDBManager.swift */ = {isa = PBXFileReference; lastKnownFileType = sourcecode.swift; path = CloudDBManager.swift; sourceTree = "<group>"; };
		7940DB7F1FD0974600144299 /* PlaceNote.swift */ = {isa = PBXFileReference; lastKnownFileType = sourcecode.swift; path = PlaceNote.swift; sourceTree = "<group>"; };
		7970A8BA1FC6136600404236 /* AddressViewController.swift */ = {isa = PBXFileReference; lastKnownFileType = sourcecode.swift; path = AddressViewController.swift; sourceTree = "<group>"; };
		79AD70521FB27E0E00900274 /* HistoricPlaces.app */ = {isa = PBXFileReference; explicitFileType = wrapper.application; includeInIndex = 0; path = HistoricPlaces.app; sourceTree = BUILT_PRODUCTS_DIR; };
		79AD70551FB27E0E00900274 /* AppDelegate.swift */ = {isa = PBXFileReference; lastKnownFileType = sourcecode.swift; path = AppDelegate.swift; sourceTree = "<group>"; };
		79AD70571FB27E0E00900274 /* MasterViewController.swift */ = {isa = PBXFileReference; lastKnownFileType = sourcecode.swift; path = MasterViewController.swift; sourceTree = "<group>"; };
		79AD70591FB27E0E00900274 /* DetailViewController.swift */ = {isa = PBXFileReference; lastKnownFileType = sourcecode.swift; path = DetailViewController.swift; sourceTree = "<group>"; };
		79AD705C1FB27E0E00900274 /* Base */ = {isa = PBXFileReference; lastKnownFileType = file.storyboard; name = Base; path = Base.lproj/Main.storyboard; sourceTree = "<group>"; };
		79AD705E1FB27E0E00900274 /* Assets.xcassets */ = {isa = PBXFileReference; lastKnownFileType = folder.assetcatalog; path = Assets.xcassets; sourceTree = "<group>"; };
		79AD70611FB27E0E00900274 /* Base */ = {isa = PBXFileReference; lastKnownFileType = file.storyboard; name = Base; path = Base.lproj/LaunchScreen.storyboard; sourceTree = "<group>"; };
		79AD70631FB27E0E00900274 /* Info.plist */ = {isa = PBXFileReference; lastKnownFileType = text.plist.xml; path = Info.plist; sourceTree = "<group>"; };
		79AD70681FB27E0F00900274 /* HistoricPlacesTests.xctest */ = {isa = PBXFileReference; explicitFileType = wrapper.cfbundle; includeInIndex = 0; path = HistoricPlacesTests.xctest; sourceTree = BUILT_PRODUCTS_DIR; };
		79AD706C1FB27E0F00900274 /* HistoricPlacesTests.swift */ = {isa = PBXFileReference; lastKnownFileType = sourcecode.swift; path = HistoricPlacesTests.swift; sourceTree = "<group>"; };
		79AD706E1FB27E0F00900274 /* Info.plist */ = {isa = PBXFileReference; lastKnownFileType = text.plist.xml; path = Info.plist; sourceTree = "<group>"; };
		79AD70731FB27E0F00900274 /* HistoricPlacesUITests.xctest */ = {isa = PBXFileReference; explicitFileType = wrapper.cfbundle; includeInIndex = 0; path = HistoricPlacesUITests.xctest; sourceTree = BUILT_PRODUCTS_DIR; };
		79AD70771FB27E0F00900274 /* HistoricPlacesUITests.swift */ = {isa = PBXFileReference; lastKnownFileType = sourcecode.swift; path = HistoricPlacesUITests.swift; sourceTree = "<group>"; };
		79AD70791FB27E0F00900274 /* Info.plist */ = {isa = PBXFileReference; lastKnownFileType = text.plist.xml; path = Info.plist; sourceTree = "<group>"; };
		79B629FF1FBCB2D700D78E95 /* HistoricPlace.swift */ = {isa = PBXFileReference; lastKnownFileType = sourcecode.swift; path = HistoricPlace.swift; sourceTree = "<group>"; };
		79D3F6991FBB9D5E00434468 /* ObjectMapper.framework */ = {isa = PBXFileReference; lastKnownFileType = wrapper.framework; name = ObjectMapper.framework; path = Carthage/Build/iOS/ObjectMapper.framework; sourceTree = "<group>"; };
/* End PBXFileReference section */

/* Begin PBXFrameworksBuildPhase section */
		79AD704F1FB27E0E00900274 /* Frameworks */ = {
			isa = PBXFrameworksBuildPhase;
			buildActionMask = 2147483647;
			files = (
				790CA2201FCF5A6C00D46234 /* CloudKit.framework in Frameworks */,
				790928B41FB5110B00ED85F4 /* Alamofire.framework in Frameworks */,
				790928B61FB5110F00ED85F4 /* SwiftyJSON.framework in Frameworks */,
				790928B91FB5468500ED85F4 /* AlamofireObjectMapper.framework in Frameworks */,
				79D3F69A1FBB9D5E00434468 /* ObjectMapper.framework in Frameworks */,
			);
			runOnlyForDeploymentPostprocessing = 0;
		};
		79AD70651FB27E0F00900274 /* Frameworks */ = {
			isa = PBXFrameworksBuildPhase;
			buildActionMask = 2147483647;
			files = (
			);
			runOnlyForDeploymentPostprocessing = 0;
		};
		79AD70701FB27E0F00900274 /* Frameworks */ = {
			isa = PBXFrameworksBuildPhase;
			buildActionMask = 2147483647;
			files = (
			);
			runOnlyForDeploymentPostprocessing = 0;
		};
/* End PBXFrameworksBuildPhase section */

/* Begin PBXGroup section */
		790928B21FB5110A00ED85F4 /* Frameworks */ = {
			isa = PBXGroup;
			children = (
				790CA21F1FCF5A6C00D46234 /* CloudKit.framework */,
				79D3F6991FBB9D5E00434468 /* ObjectMapper.framework */,
				790928B81FB5468500ED85F4 /* AlamofireObjectMapper.framework */,
				790928B51FB5110F00ED85F4 /* SwiftyJSON.framework */,
				790928B31FB5110B00ED85F4 /* Alamofire.framework */,
			);
			name = Frameworks;
			sourceTree = "<group>";
		};
		793BF9F01FBCFB520040F3AF /* Mappers */ = {
			isa = PBXGroup;
			children = (
				793BF9EA1FBCE3510040F3AF /* HistoricPlaces.swift */,
				79B629FF1FBCB2D700D78E95 /* HistoricPlace.swift */,
				790928A61FB4F01200ED85F4 /* Address.swift */,
				793BF9EE1FBCFA6C0040F3AF /* Media.swift */,
				790CA2161FCDCEDB00D46234 /* Link.swift */,
			);
			path = Mappers;
			sourceTree = "<group>";
		};
		796D9E481FD9BD220033BE73 /* Storyboards */ = {
			isa = PBXGroup;
			children = (
				79AD705B1FB27E0E00900274 /* Main.storyboard */,
				79AD70601FB27E0E00900274 /* LaunchScreen.storyboard */,
			);
			path = Storyboards;
			sourceTree = "<group>";
		};
		796D9E491FD9BD520033BE73 /* View Controllers */ = {
			isa = PBXGroup;
			children = (
				79AD70571FB27E0E00900274 /* MasterViewController.swift */,
				79AD70591FB27E0E00900274 /* DetailViewController.swift */,
				7970A8BA1FC6136600404236 /* AddressViewController.swift */,
				790CA21A1FCE035E00D46234 /* NotesViewController.swift */,
			);
			path = "View Controllers";
			sourceTree = "<group>";
		};
		796D9E4A1FD9BE2D0033BE73 /* Database */ = {
			isa = PBXGroup;
			children = (
				7940DB7D1FD072AA00144299 /* CloudDBManager.swift */,
				7940DB7F1FD0974600144299 /* PlaceNote.swift */,
				790CA21C1FCE05B300D46234 /* Notes.swift */,
			);
			path = Database;
			sourceTree = "<group>";
		};
		79AD70491FB27E0E00900274 = {
			isa = PBXGroup;
			children = (
				79AD70541FB27E0E00900274 /* HistoricPlaces */,
				79AD706B1FB27E0F00900274 /* HistoricPlacesTests */,
				79AD70761FB27E0F00900274 /* HistoricPlacesUITests */,
				79AD70531FB27E0E00900274 /* Products */,
				790928B21FB5110A00ED85F4 /* Frameworks */,
			);
			sourceTree = "<group>";
		};
		79AD70531FB27E0E00900274 /* Products */ = {
			isa = PBXGroup;
			children = (
				79AD70521FB27E0E00900274 /* HistoricPlaces.app */,
				79AD70681FB27E0F00900274 /* HistoricPlacesTests.xctest */,
				79AD70731FB27E0F00900274 /* HistoricPlacesUITests.xctest */,
			);
			name = Products;
			sourceTree = "<group>";
		};
		79AD70541FB27E0E00900274 /* HistoricPlaces */ = {
			isa = PBXGroup;
			children = (
				79AD70551FB27E0E00900274 /* AppDelegate.swift */,
				796D9E491FD9BD520033BE73 /* View Controllers */,
				796D9E481FD9BD220033BE73 /* Storyboards */,
				796D9E4A1FD9BE2D0033BE73 /* Database */,
				793BF9F01FBCFB520040F3AF /* Mappers */,
				790CA2181FCDD39B00D46234 /* LinkType.swift */,
				793BF9EC1FBCEF250040F3AF /* Constants.swift */,
				790CA21E1FCF590000D46234 /* HistoricPlaces.entitlements */,
				79AD705E1FB27E0E00900274 /* Assets.xcassets */,
				79AD70631FB27E0E00900274 /* Info.plist */,
			);
			path = HistoricPlaces;
			sourceTree = "<group>";
		};
		79AD706B1FB27E0F00900274 /* HistoricPlacesTests */ = {
			isa = PBXGroup;
			children = (
				79AD706C1FB27E0F00900274 /* HistoricPlacesTests.swift */,
				79AD706E1FB27E0F00900274 /* Info.plist */,
			);
			path = HistoricPlacesTests;
			sourceTree = "<group>";
		};
		79AD70761FB27E0F00900274 /* HistoricPlacesUITests */ = {
			isa = PBXGroup;
			children = (
				79AD70771FB27E0F00900274 /* HistoricPlacesUITests.swift */,
				79AD70791FB27E0F00900274 /* Info.plist */,
			);
			path = HistoricPlacesUITests;
			sourceTree = "<group>";
		};
/* End PBXGroup section */

/* Begin PBXNativeTarget section */
		79AD70511FB27E0E00900274 /* HistoricPlaces */ = {
			isa = PBXNativeTarget;
			buildConfigurationList = 79AD707C1FB27E0F00900274 /* Build configuration list for PBXNativeTarget "HistoricPlaces" */;
			buildPhases = (
				79AD704E1FB27E0E00900274 /* Sources */,
				79AD704F1FB27E0E00900274 /* Frameworks */,
				79AD70501FB27E0E00900274 /* Resources */,
				790928B71FB5118400ED85F4 /* ShellScript */,
			);
			buildRules = (
			);
			dependencies = (
			);
			name = HistoricPlaces;
			productName = HistoricPlaces;
			productReference = 79AD70521FB27E0E00900274 /* HistoricPlaces.app */;
			productType = "com.apple.product-type.application";
		};
		79AD70671FB27E0F00900274 /* HistoricPlacesTests */ = {
			isa = PBXNativeTarget;
			buildConfigurationList = 79AD707F1FB27E0F00900274 /* Build configuration list for PBXNativeTarget "HistoricPlacesTests" */;
			buildPhases = (
				79AD70641FB27E0F00900274 /* Sources */,
				79AD70651FB27E0F00900274 /* Frameworks */,
				79AD70661FB27E0F00900274 /* Resources */,
			);
			buildRules = (
			);
			dependencies = (
				79AD706A1FB27E0F00900274 /* PBXTargetDependency */,
			);
			name = HistoricPlacesTests;
			productName = HistoricPlacesTests;
			productReference = 79AD70681FB27E0F00900274 /* HistoricPlacesTests.xctest */;
			productType = "com.apple.product-type.bundle.unit-test";
		};
		79AD70721FB27E0F00900274 /* HistoricPlacesUITests */ = {
			isa = PBXNativeTarget;
			buildConfigurationList = 79AD70821FB27E0F00900274 /* Build configuration list for PBXNativeTarget "HistoricPlacesUITests" */;
			buildPhases = (
				79AD706F1FB27E0F00900274 /* Sources */,
				79AD70701FB27E0F00900274 /* Frameworks */,
				79AD70711FB27E0F00900274 /* Resources */,
			);
			buildRules = (
			);
			dependencies = (
				79AD70751FB27E0F00900274 /* PBXTargetDependency */,
			);
			name = HistoricPlacesUITests;
			productName = HistoricPlacesUITests;
			productReference = 79AD70731FB27E0F00900274 /* HistoricPlacesUITests.xctest */;
			productType = "com.apple.product-type.bundle.ui-testing";
		};
/* End PBXNativeTarget section */

/* Begin PBXProject section */
		79AD704A1FB27E0E00900274 /* Project object */ = {
			isa = PBXProject;
			attributes = {
				LastSwiftUpdateCheck = 0910;
				LastUpgradeCheck = 0910;
				ORGANIZATIONNAME = "Keith Lee";
				TargetAttributes = {
					79AD70511FB27E0E00900274 = {
						CreatedOnToolsVersion = 9.1;
						ProvisioningStyle = Automatic;
						SystemCapabilities = {
							com.apple.Push = {
								enabled = 1;
							};
							com.apple.iCloud = {
								enabled = 1;
							};
						};
					};
					79AD70671FB27E0F00900274 = {
						CreatedOnToolsVersion = 9.1;
						ProvisioningStyle = Automatic;
						TestTargetID = 79AD70511FB27E0E00900274;
					};
					79AD70721FB27E0F00900274 = {
						CreatedOnToolsVersion = 9.1;
						ProvisioningStyle = Automatic;
						TestTargetID = 79AD70511FB27E0E00900274;
					};
				};
			};
			buildConfigurationList = 79AD704D1FB27E0E00900274 /* Build configuration list for PBXProject "HistoricPlaces" */;
			compatibilityVersion = "Xcode 8.0";
			developmentRegion = en;
			hasScannedForEncodings = 0;
			knownRegions = (
				en,
				Base,
			);
			mainGroup = 79AD70491FB27E0E00900274;
			productRefGroup = 79AD70531FB27E0E00900274 /* Products */;
			projectDirPath = "";
			projectRoot = "";
			targets = (
				79AD70511FB27E0E00900274 /* HistoricPlaces */,
				79AD70671FB27E0F00900274 /* HistoricPlacesTests */,
				79AD70721FB27E0F00900274 /* HistoricPlacesUITests */,
			);
		};
/* End PBXProject section */

/* Begin PBXResourcesBuildPhase section */
		79AD70501FB27E0E00900274 /* Resources */ = {
			isa = PBXResourcesBuildPhase;
			buildActionMask = 2147483647;
			files = (
				79AD70621FB27E0E00900274 /* LaunchScreen.storyboard in Resources */,
				79AD705F1FB27E0E00900274 /* Assets.xcassets in Resources */,
				79AD705D1FB27E0E00900274 /* Main.storyboard in Resources */,
			);
			runOnlyForDeploymentPostprocessing = 0;
		};
		79AD70661FB27E0F00900274 /* Resources */ = {
			isa = PBXResourcesBuildPhase;
			buildActionMask = 2147483647;
			files = (
			);
			runOnlyForDeploymentPostprocessing = 0;
		};
		79AD70711FB27E0F00900274 /* Resources */ = {
			isa = PBXResourcesBuildPhase;
			buildActionMask = 2147483647;
			files = (
			);
			runOnlyForDeploymentPostprocessing = 0;
		};
/* End PBXResourcesBuildPhase section */

/* Begin PBXShellScriptBuildPhase section */
		790928B71FB5118400ED85F4 /* ShellScript */ = {
			isa = PBXShellScriptBuildPhase;
			buildActionMask = 2147483647;
			files = (
			);
			inputPaths = (
				"$(SRCROOT)/Carthage/Build/iOS/Alamofire.framework",
				"$(SRCROOT)/Carthage/Build/iOS/SwiftyJSON.framework",
				"$(SRCROOT)/Carthage/Build/iOS/AlamofireObjectMapper.framework",
				"$(SRCROOT)/Carthage/Build/iOS/ObjectMapper.framework",
			);
			outputPaths = (
			);
			runOnlyForDeploymentPostprocessing = 0;
			shellPath = /bin/sh;
			shellScript = "/usr/local/bin/carthage copy-frameworks";
		};
/* End PBXShellScriptBuildPhase section */

/* Begin PBXSourcesBuildPhase section */
		79AD704E1FB27E0E00900274 /* Sources */ = {
			isa = PBXSourcesBuildPhase;
			buildActionMask = 2147483647;
			files = (
				7940DB801FD0974600144299 /* PlaceNote.swift in Sources */,
				7970A8BB1FC6136600404236 /* AddressViewController.swift in Sources */,
				790CA21D1FCE05B300D46234 /* Notes.swift in Sources */,
				79AD705A1FB27E0E00900274 /* DetailViewController.swift in Sources */,
				79AD70581FB27E0E00900274 /* MasterViewController.swift in Sources */,
				79B62A001FBCB2D700D78E95 /* HistoricPlace.swift in Sources */,
				7940DB7E1FD072AA00144299 /* CloudDBManager.swift in Sources */,
				790CA2191FCDD39B00D46234 /* LinkType.swift in Sources */,
				79AD70561FB27E0E00900274 /* AppDelegate.swift in Sources */,
				793BF9ED1FBCEF250040F3AF /* Constants.swift in Sources */,
				793BF9EB1FBCE3510040F3AF /* HistoricPlaces.swift in Sources */,
				790CA21B1FCE035E00D46234 /* NotesViewController.swift in Sources */,
				793BF9EF1FBCFA6C0040F3AF /* Media.swift in Sources */,
				790928A71FB4F01200ED85F4 /* Address.swift in Sources */,
				790CA2171FCDCEDB00D46234 /* Link.swift in Sources */,
			);
			runOnlyForDeploymentPostprocessing = 0;
		};
		79AD70641FB27E0F00900274 /* Sources */ = {
			isa = PBXSourcesBuildPhase;
			buildActionMask = 2147483647;
			files = (
				79AD706D1FB27E0F00900274 /* HistoricPlacesTests.swift in Sources */,
			);
			runOnlyForDeploymentPostprocessing = 0;
		};
		79AD706F1FB27E0F00900274 /* Sources */ = {
			isa = PBXSourcesBuildPhase;
			buildActionMask = 2147483647;
			files = (
				79AD70781FB27E0F00900274 /* HistoricPlacesUITests.swift in Sources */,
			);
			runOnlyForDeploymentPostprocessing = 0;
		};
/* End PBXSourcesBuildPhase section */

/* Begin PBXTargetDependency section */
		79AD706A1FB27E0F00900274 /* PBXTargetDependency */ = {
			isa = PBXTargetDependency;
			target = 79AD70511FB27E0E00900274 /* HistoricPlaces */;
			targetProxy = 79AD70691FB27E0F00900274 /* PBXContainerItemProxy */;
		};
		79AD70751FB27E0F00900274 /* PBXTargetDependency */ = {
			isa = PBXTargetDependency;
			target = 79AD70511FB27E0E00900274 /* HistoricPlaces */;
			targetProxy = 79AD70741FB27E0F00900274 /* PBXContainerItemProxy */;
		};
/* End PBXTargetDependency section */

/* Begin PBXVariantGroup section */
		79AD705B1FB27E0E00900274 /* Main.storyboard */ = {
			isa = PBXVariantGroup;
			children = (
				79AD705C1FB27E0E00900274 /* Base */,
			);
			name = Main.storyboard;
			sourceTree = "<group>";
		};
		79AD70601FB27E0E00900274 /* LaunchScreen.storyboard */ = {
			isa = PBXVariantGroup;
			children = (
				79AD70611FB27E0E00900274 /* Base */,
			);
			name = LaunchScreen.storyboard;
			sourceTree = "<group>";
		};
/* End PBXVariantGroup section */

/* Begin XCBuildConfiguration section */
		79AD707A1FB27E0F00900274 /* Debug */ = {
			isa = XCBuildConfiguration;
			buildSettings = {
				ALWAYS_SEARCH_USER_PATHS = NO;
				CLANG_ANALYZER_NONNULL = YES;
				CLANG_ANALYZER_NUMBER_OBJECT_CONVERSION = YES_AGGRESSIVE;
				CLANG_CXX_LANGUAGE_STANDARD = "gnu++14";
				CLANG_CXX_LIBRARY = "libc++";
				CLANG_ENABLE_MODULES = YES;
				CLANG_ENABLE_OBJC_ARC = YES;
				CLANG_WARN_BLOCK_CAPTURE_AUTORELEASING = YES;
				CLANG_WARN_BOOL_CONVERSION = YES;
				CLANG_WARN_COMMA = YES;
				CLANG_WARN_CONSTANT_CONVERSION = YES;
				CLANG_WARN_DIRECT_OBJC_ISA_USAGE = YES_ERROR;
				CLANG_WARN_DOCUMENTATION_COMMENTS = YES;
				CLANG_WARN_EMPTY_BODY = YES;
				CLANG_WARN_ENUM_CONVERSION = YES;
				CLANG_WARN_INFINITE_RECURSION = YES;
				CLANG_WARN_INT_CONVERSION = YES;
				CLANG_WARN_NON_LITERAL_NULL_CONVERSION = YES;
				CLANG_WARN_OBJC_LITERAL_CONVERSION = YES;
				CLANG_WARN_OBJC_ROOT_CLASS = YES_ERROR;
				CLANG_WARN_RANGE_LOOP_ANALYSIS = YES;
				CLANG_WARN_STRICT_PROTOTYPES = YES;
				CLANG_WARN_SUSPICIOUS_MOVE = YES;
				CLANG_WARN_UNGUARDED_AVAILABILITY = YES_AGGRESSIVE;
				CLANG_WARN_UNREACHABLE_CODE = YES;
				CLANG_WARN__DUPLICATE_METHOD_MATCH = YES;
				CODE_SIGN_IDENTITY = "iPhone Developer";
				COPY_PHASE_STRIP = NO;
				DEBUG_INFORMATION_FORMAT = dwarf;
				ENABLE_STRICT_OBJC_MSGSEND = YES;
				ENABLE_TESTABILITY = YES;
				GCC_C_LANGUAGE_STANDARD = gnu11;
				GCC_DYNAMIC_NO_PIC = NO;
				GCC_NO_COMMON_BLOCKS = YES;
				GCC_OPTIMIZATION_LEVEL = 0;
				GCC_PREPROCESSOR_DEFINITIONS = (
					"DEBUG=1",
					"$(inherited)",
				);
				GCC_WARN_64_TO_32_BIT_CONVERSION = YES;
				GCC_WARN_ABOUT_RETURN_TYPE = YES_ERROR;
				GCC_WARN_UNDECLARED_SELECTOR = YES;
				GCC_WARN_UNINITIALIZED_AUTOS = YES_AGGRESSIVE;
				GCC_WARN_UNUSED_FUNCTION = YES;
				GCC_WARN_UNUSED_VARIABLE = YES;
				IPHONEOS_DEPLOYMENT_TARGET = 11.1;
				MTL_ENABLE_DEBUG_INFO = YES;
				ONLY_ACTIVE_ARCH = YES;
				SDKROOT = iphoneos;
				SWIFT_ACTIVE_COMPILATION_CONDITIONS = DEBUG;
				SWIFT_OPTIMIZATION_LEVEL = "-Onone";
			};
			name = Debug;
		};
		79AD707B1FB27E0F00900274 /* Release */ = {
			isa = XCBuildConfiguration;
			buildSettings = {
				ALWAYS_SEARCH_USER_PATHS = NO;
				CLANG_ANALYZER_NONNULL = YES;
				CLANG_ANALYZER_NUMBER_OBJECT_CONVERSION = YES_AGGRESSIVE;
				CLANG_CXX_LANGUAGE_STANDARD = "gnu++14";
				CLANG_CXX_LIBRARY = "libc++";
				CLANG_ENABLE_MODULES = YES;
				CLANG_ENABLE_OBJC_ARC = YES;
				CLANG_WARN_BLOCK_CAPTURE_AUTORELEASING = YES;
				CLANG_WARN_BOOL_CONVERSION = YES;
				CLANG_WARN_COMMA = YES;
				CLANG_WARN_CONSTANT_CONVERSION = YES;
				CLANG_WARN_DIRECT_OBJC_ISA_USAGE = YES_ERROR;
				CLANG_WARN_DOCUMENTATION_COMMENTS = YES;
				CLANG_WARN_EMPTY_BODY = YES;
				CLANG_WARN_ENUM_CONVERSION = YES;
				CLANG_WARN_INFINITE_RECURSION = YES;
				CLANG_WARN_INT_CONVERSION = YES;
				CLANG_WARN_NON_LITERAL_NULL_CONVERSION = YES;
				CLANG_WARN_OBJC_LITERAL_CONVERSION = YES;
				CLANG_WARN_OBJC_ROOT_CLASS = YES_ERROR;
				CLANG_WARN_RANGE_LOOP_ANALYSIS = YES;
				CLANG_WARN_STRICT_PROTOTYPES = YES;
				CLANG_WARN_SUSPICIOUS_MOVE = YES;
				CLANG_WARN_UNGUARDED_AVAILABILITY = YES_AGGRESSIVE;
				CLANG_WARN_UNREACHABLE_CODE = YES;
				CLANG_WARN__DUPLICATE_METHOD_MATCH = YES;
				CODE_SIGN_IDENTITY = "iPhone Developer";
				COPY_PHASE_STRIP = NO;
				DEBUG_INFORMATION_FORMAT = "dwarf-with-dsym";
				ENABLE_NS_ASSERTIONS = NO;
				ENABLE_STRICT_OBJC_MSGSEND = YES;
				GCC_C_LANGUAGE_STANDARD = gnu11;
				GCC_NO_COMMON_BLOCKS = YES;
				GCC_WARN_64_TO_32_BIT_CONVERSION = YES;
				GCC_WARN_ABOUT_RETURN_TYPE = YES_ERROR;
				GCC_WARN_UNDECLARED_SELECTOR = YES;
				GCC_WARN_UNINITIALIZED_AUTOS = YES_AGGRESSIVE;
				GCC_WARN_UNUSED_FUNCTION = YES;
				GCC_WARN_UNUSED_VARIABLE = YES;
				IPHONEOS_DEPLOYMENT_TARGET = 11.1;
				MTL_ENABLE_DEBUG_INFO = NO;
				SDKROOT = iphoneos;
				SWIFT_OPTIMIZATION_LEVEL = "-Owholemodule";
				VALIDATE_PRODUCT = YES;
			};
			name = Release;
		};
		79AD707D1FB27E0F00900274 /* Debug */ = {
			isa = XCBuildConfiguration;
			buildSettings = {
				ASSETCATALOG_COMPILER_APPICON_NAME = AppIcon;
				CODE_SIGN_ENTITLEMENTS = HistoricPlaces/HistoricPlaces.entitlements;
				CODE_SIGN_STYLE = Automatic;
				DEVELOPMENT_TEAM = U823YHXB73;
				FRAMEWORK_SEARCH_PATHS = (
					"$(inherited)",
					"$(PROJECT_DIR)/Carthage/Build/iOS",
				);
				INFOPLIST_FILE = HistoricPlaces/Info.plist;
				LD_RUNPATH_SEARCH_PATHS = "$(inherited) @executable_path/Frameworks";
				PRODUCT_BUNDLE_IDENTIFIER = com.pellago.HistoricPlaces;
				PRODUCT_NAME = "$(TARGET_NAME)";
				SWIFT_VERSION = 4.0;
				TARGETED_DEVICE_FAMILY = "1,2";
			};
			name = Debug;
		};
		79AD707E1FB27E0F00900274 /* Release */ = {
			isa = XCBuildConfiguration;
			buildSettings = {
				ASSETCATALOG_COMPILER_APPICON_NAME = AppIcon;
				CODE_SIGN_ENTITLEMENTS = HistoricPlaces/HistoricPlaces.entitlements;
				CODE_SIGN_STYLE = Automatic;
				DEVELOPMENT_TEAM = U823YHXB73;
				FRAMEWORK_SEARCH_PATHS = (
					"$(inherited)",
					"$(PROJECT_DIR)/Carthage/Build/iOS",
				);
				INFOPLIST_FILE = HistoricPlaces/Info.plist;
				LD_RUNPATH_SEARCH_PATHS = "$(inherited) @executable_path/Frameworks";
				PRODUCT_BUNDLE_IDENTIFIER = com.pellago.HistoricPlaces;
				PRODUCT_NAME = "$(TARGET_NAME)";
				SWIFT_VERSION = 4.0;
				TARGETED_DEVICE_FAMILY = "1,2";
			};
			name = Release;
		};
		79AD70801FB27E0F00900274 /* Debug */ = {
			isa = XCBuildConfiguration;
			buildSettings = {
				ALWAYS_EMBED_SWIFT_STANDARD_LIBRARIES = YES;
				BUNDLE_LOADER = "$(TEST_HOST)";
				CODE_SIGN_STYLE = Automatic;
				INFOPLIST_FILE = HistoricPlacesTests/Info.plist;
				LD_RUNPATH_SEARCH_PATHS = "$(inherited) @executable_path/Frameworks @loader_path/Frameworks";
				PRODUCT_BUNDLE_IDENTIFIER = com.pellago.HistoricPlacesTests;
				PRODUCT_NAME = "$(TARGET_NAME)";
				SWIFT_VERSION = 4.0;
				TARGETED_DEVICE_FAMILY = "1,2";
				TEST_HOST = "$(BUILT_PRODUCTS_DIR)/HistoricPlaces.app/HistoricPlaces";
			};
			name = Debug;
		};
		79AD70811FB27E0F00900274 /* Release */ = {
			isa = XCBuildConfiguration;
			buildSettings = {
				ALWAYS_EMBED_SWIFT_STANDARD_LIBRARIES = YES;
				BUNDLE_LOADER = "$(TEST_HOST)";
				CODE_SIGN_STYLE = Automatic;
				INFOPLIST_FILE = HistoricPlacesTests/Info.plist;
				LD_RUNPATH_SEARCH_PATHS = "$(inherited) @executable_path/Frameworks @loader_path/Frameworks";
				PRODUCT_BUNDLE_IDENTIFIER = com.pellago.HistoricPlacesTests;
				PRODUCT_NAME = "$(TARGET_NAME)";
				SWIFT_VERSION = 4.0;
				TARGETED_DEVICE_FAMILY = "1,2";
				TEST_HOST = "$(BUILT_PRODUCTS_DIR)/HistoricPlaces.app/HistoricPlaces";
			};
			name = Release;
		};
		79AD70831FB27E0F00900274 /* Debug */ = {
			isa = XCBuildConfiguration;
			buildSettings = {
				ALWAYS_EMBED_SWIFT_STANDARD_LIBRARIES = YES;
				CODE_SIGN_STYLE = Automatic;
				INFOPLIST_FILE = HistoricPlacesUITests/Info.plist;
				LD_RUNPATH_SEARCH_PATHS = "$(inherited) @executable_path/Frameworks @loader_path/Frameworks";
				PRODUCT_BUNDLE_IDENTIFIER = com.pellago.HistoricPlacesUITests;
				PRODUCT_NAME = "$(TARGET_NAME)";
				SWIFT_VERSION = 4.0;
				TARGETED_DEVICE_FAMILY = "1,2";
				TEST_TARGET_NAME = HistoricPlaces;
			};
			name = Debug;
		};
		79AD70841FB27E0F00900274 /* Release */ = {
			isa = XCBuildConfiguration;
			buildSettings = {
				ALWAYS_EMBED_SWIFT_STANDARD_LIBRARIES = YES;
				CODE_SIGN_STYLE = Automatic;
				INFOPLIST_FILE = HistoricPlacesUITests/Info.plist;
				LD_RUNPATH_SEARCH_PATHS = "$(inherited) @executable_path/Frameworks @loader_path/Frameworks";
				PRODUCT_BUNDLE_IDENTIFIER = com.pellago.HistoricPlacesUITests;
				PRODUCT_NAME = "$(TARGET_NAME)";
				SWIFT_VERSION = 4.0;
				TARGETED_DEVICE_FAMILY = "1,2";
				TEST_TARGET_NAME = HistoricPlaces;
			};
			name = Release;
		};
/* End XCBuildConfiguration section */

/* Begin XCConfigurationList section */
		79AD704D1FB27E0E00900274 /* Build configuration list for PBXProject "HistoricPlaces" */ = {
			isa = XCConfigurationList;
			buildConfigurations = (
				79AD707A1FB27E0F00900274 /* Debug */,
				79AD707B1FB27E0F00900274 /* Release */,
			);
			defaultConfigurationIsVisible = 0;
			defaultConfigurationName = Release;
		};
		79AD707C1FB27E0F00900274 /* Build configuration list for PBXNativeTarget "HistoricPlaces" */ = {
			isa = XCConfigurationList;
			buildConfigurations = (
				79AD707D1FB27E0F00900274 /* Debug */,
				79AD707E1FB27E0F00900274 /* Release */,
			);
			defaultConfigurationIsVisible = 0;
			defaultConfigurationName = Release;
		};
		79AD707F1FB27E0F00900274 /* Build configuration list for PBXNativeTarget "HistoricPlacesTests" */ = {
			isa = XCConfigurationList;
			buildConfigurations = (
				79AD70801FB27E0F00900274 /* Debug */,
				79AD70811FB27E0F00900274 /* Release */,
			);
			defaultConfigurationIsVisible = 0;
			defaultConfigurationName = Release;
		};
		79AD70821FB27E0F00900274 /* Build configuration list for PBXNativeTarget "HistoricPlacesUITests" */ = {
			isa = XCConfigurationList;
			buildConfigurations = (
				79AD70831FB27E0F00900274 /* Debug */,
				79AD70841FB27E0F00900274 /* Release */,
			);
			defaultConfigurationIsVisible = 0;
			defaultConfigurationName = Release;
		};
/* End XCConfigurationList section */
	};
	rootObject = 79AD704A1FB27E0E00900274 /* Project object */;
}
